PODS:
  - PINCache (2.3)
  - YYCache (1.0.4)

DEPENDENCIES:
  - PINCache
  - YYCache

SPEC REPOS:
  https://github.com/CocoaPods/Specs.git:
    - PINCache
    - YYCache

SPEC CHECKSUMS:
  PINCache: ce36ed282031b92fc7733ffe831f474ff80fddc2
  YYCache: 8105b6638f5e849296c71f331ff83891a4942952

PODFILE CHECKSUM: 25626fb99b313a808477f6b2ed263ae7eea30f00

COCOAPODS: 1.5.0
